
Microsoft Visual Studio Solution File, Format Version 12.00
# Visual Studio Version 17
VisualStudioVersion = 17.7.34031.279
MinimumVisualStudioVersion = 10.0.40219.1
Project("{8BC9CEB8-8B4A-11D0-8D11-00A0C91BC942}") = "限制多开", "限制多开.vcxproj", "{BC2D7589-2887-4E71-A74C-92A2CF937368}"
EndProject
Global
	GlobalSection(SolutionConfigurationPlatforms) = preSolution
		Debug|x64 = Debug|x64
		Debug|x86 = Debug|x86
		Release|x64 = Release|x64
		Release|x86 = Release|x86
	EndGlobalSection
	GlobalSection(ProjectConfigurationPlatforms) = postSolution
		{BC2D7589-2887-4E71-A74C-92A2CF937368}.Debug|x64.ActiveCfg = Debug|x64
		{BC2D7589-2887-4E71-A74C-92A2CF937368}.Debug|x64.Build.0 = Debug|x64
		{BC2D7589-2887-4E71-A74C-92A2CF937368}.Debug|x86.ActiveCfg = Debug|Win32
		{BC2D7589-2887-4E71-A74C-92A2CF937368}.Debug|x86.Build.0 = Debug|Win32
		{BC2D7589-2887-4E71-A74C-92A2CF937368}.Release|x64.ActiveCfg = Release|x64
		{BC2D7589-2887-4E71-A74C-92A2CF937368}.Release|x64.Build.0 = Release|x64
		{BC2D7589-2887-4E71-A74C-92A2CF937368}.Release|x86.ActiveCfg = Release|Win32
		{BC2D7589-2887-4E71-A74C-92A2CF937368}.Release|x86.Build.0 = Release|Win32
	EndGlobalSection
	GlobalSection(SolutionProperties) = preSolution
		HideSolutionNode = FALSE
	EndGlobalSection
	GlobalSection(ExtensibilityGlobals) = postSolution
		SolutionGuid = {F9A0ED89-82B9-4E26-A422-53EAE06CC22B}
	EndGlobalSection
EndGlobal
