
Microsoft Visual Studio Solution File, Format Version 12.00
# Visual Studio Version 17
VisualStudioVersion = 17.7.34031.279
MinimumVisualStudioVersion = 10.0.40219.1
Project("{8BC9CEB8-8B4A-11D0-8D11-00A0C91BC942}") = "资源操作", "资源操作.vcxproj", "{0C60E662-398A-4163-AA5B-97FDBCEDBC98}"
EndProject
Global
	GlobalSection(SolutionConfigurationPlatforms) = preSolution
		Debug|x64 = Debug|x64
		Debug|x86 = Debug|x86
		Release|x64 = Release|x64
		Release|x86 = Release|x86
	EndGlobalSection
	GlobalSection(ProjectConfigurationPlatforms) = postSolution
		{0C60E662-398A-4163-AA5B-97FDBCEDBC98}.Debug|x64.ActiveCfg = Debug|x64
		{0C60E662-398A-4163-AA5B-97FDBCEDBC98}.Debug|x64.Build.0 = Debug|x64
		{0C60E662-398A-4163-AA5B-97FDBCEDBC98}.Debug|x86.ActiveCfg = Debug|Win32
		{0C60E662-398A-4163-AA5B-97FDBCEDBC98}.Debug|x86.Build.0 = Debug|Win32
		{0C60E662-398A-4163-AA5B-97FDBCEDBC98}.Release|x64.ActiveCfg = Release|x64
		{0C60E662-398A-4163-AA5B-97FDBCEDBC98}.Release|x64.Build.0 = Release|x64
		{0C60E662-398A-4163-AA5B-97FDBCEDBC98}.Release|x86.ActiveCfg = Release|Win32
		{0C60E662-398A-4163-AA5B-97FDBCEDBC98}.Release|x86.Build.0 = Release|Win32
	EndGlobalSection
	GlobalSection(SolutionProperties) = preSolution
		HideSolutionNode = FALSE
	EndGlobalSection
	GlobalSection(ExtensibilityGlobals) = postSolution
		SolutionGuid = {2099B655-3861-4189-B8FD-08A6273407E3}
	EndGlobalSection
EndGlobal
