
Microsoft Visual Studio Solution File, Format Version 12.00
# Visual Studio Version 17
VisualStudioVersion = 17.7.34031.279
MinimumVisualStudioVersion = 10.0.40219.1
Project("{8BC9CEB8-8B4A-11D0-8D11-00A0C91BC942}") = "远程线程注入", "远程线程注入.vcxproj", "{B062D1DE-85D9-49B8-ABCE-FF5B38C9BADE}"
EndProject
Project("{8BC9CEB8-8B4A-11D0-8D11-00A0C91BC942}") = "test", "..\test\test.vcxproj", "{F2052B83-B96A-4D6B-B432-47D8F8C5DC27}"
EndProject
Global
	GlobalSection(SolutionConfigurationPlatforms) = preSolution
		Debug|x64 = Debug|x64
		Debug|x86 = Debug|x86
		Release|x64 = Release|x64
		Release|x86 = Release|x86
	EndGlobalSection
	GlobalSection(ProjectConfigurationPlatforms) = postSolution
		{B062D1DE-85D9-49B8-ABCE-FF5B38C9BADE}.Debug|x64.ActiveCfg = Debug|x64
		{B062D1DE-85D9-49B8-ABCE-FF5B38C9BADE}.Debug|x64.Build.0 = Debug|x64
		{B062D1DE-85D9-49B8-ABCE-FF5B38C9BADE}.Debug|x86.ActiveCfg = Debug|Win32
		{B062D1DE-85D9-49B8-ABCE-FF5B38C9BADE}.Debug|x86.Build.0 = Debug|Win32
		{B062D1DE-85D9-49B8-ABCE-FF5B38C9BADE}.Release|x64.ActiveCfg = Release|x64
		{B062D1DE-85D9-49B8-ABCE-FF5B38C9BADE}.Release|x64.Build.0 = Release|x64
		{B062D1DE-85D9-49B8-ABCE-FF5B38C9BADE}.Release|x86.ActiveCfg = Release|Win32
		{B062D1DE-85D9-49B8-ABCE-FF5B38C9BADE}.Release|x86.Build.0 = Release|Win32
		{F2052B83-B96A-4D6B-B432-47D8F8C5DC27}.Debug|x64.ActiveCfg = Debug|x64
		{F2052B83-B96A-4D6B-B432-47D8F8C5DC27}.Debug|x64.Build.0 = Debug|x64
		{F2052B83-B96A-4D6B-B432-47D8F8C5DC27}.Debug|x86.ActiveCfg = Debug|Win32
		{F2052B83-B96A-4D6B-B432-47D8F8C5DC27}.Debug|x86.Build.0 = Debug|Win32
		{F2052B83-B96A-4D6B-B432-47D8F8C5DC27}.Release|x64.ActiveCfg = Release|x64
		{F2052B83-B96A-4D6B-B432-47D8F8C5DC27}.Release|x64.Build.0 = Release|x64
		{F2052B83-B96A-4D6B-B432-47D8F8C5DC27}.Release|x86.ActiveCfg = Release|Win32
		{F2052B83-B96A-4D6B-B432-47D8F8C5DC27}.Release|x86.Build.0 = Release|Win32
	EndGlobalSection
	GlobalSection(SolutionProperties) = preSolution
		HideSolutionNode = FALSE
	EndGlobalSection
	GlobalSection(ExtensibilityGlobals) = postSolution
		SolutionGuid = {B25D2916-402E-4CE4-ACD7-BA8479D048BA}
	EndGlobalSection
EndGlobal
