
Microsoft Visual Studio Solution File, Format Version 12.00
# Visual Studio Version 17
VisualStudioVersion = 17.7.34031.279
MinimumVisualStudioVersion = 10.0.40219.1
Project("{8BC9CEB8-8B4A-11D0-8D11-00A0C91BC942}") = "邮槽", "邮槽.vcxproj", "{553F8341-B635-4F22-8A23-D2DF18CCC9A4}"
EndProject
Project("{8BC9CEB8-8B4A-11D0-8D11-00A0C91BC942}") = "邮槽接收端", "..\邮槽接收端\邮槽接收端.vcxproj", "{0F31B2FA-C966-4268-900E-6BCFACA363CA}"
EndProject
Global
	GlobalSection(SolutionConfigurationPlatforms) = preSolution
		Debug|x64 = Debug|x64
		Debug|x86 = Debug|x86
		Release|x64 = Release|x64
		Release|x86 = Release|x86
	EndGlobalSection
	GlobalSection(ProjectConfigurationPlatforms) = postSolution
		{553F8341-B635-4F22-8A23-D2DF18CCC9A4}.Debug|x64.ActiveCfg = Debug|x64
		{553F8341-B635-4F22-8A23-D2DF18CCC9A4}.Debug|x64.Build.0 = Debug|x64
		{553F8341-B635-4F22-8A23-D2DF18CCC9A4}.Debug|x86.ActiveCfg = Debug|Win32
		{553F8341-B635-4F22-8A23-D2DF18CCC9A4}.Debug|x86.Build.0 = Debug|Win32
		{553F8341-B635-4F22-8A23-D2DF18CCC9A4}.Release|x64.ActiveCfg = Release|x64
		{553F8341-B635-4F22-8A23-D2DF18CCC9A4}.Release|x64.Build.0 = Release|x64
		{553F8341-B635-4F22-8A23-D2DF18CCC9A4}.Release|x86.ActiveCfg = Release|Win32
		{553F8341-B635-4F22-8A23-D2DF18CCC9A4}.Release|x86.Build.0 = Release|Win32
		{0F31B2FA-C966-4268-900E-6BCFACA363CA}.Debug|x64.ActiveCfg = Debug|x64
		{0F31B2FA-C966-4268-900E-6BCFACA363CA}.Debug|x64.Build.0 = Debug|x64
		{0F31B2FA-C966-4268-900E-6BCFACA363CA}.Debug|x86.ActiveCfg = Debug|Win32
		{0F31B2FA-C966-4268-900E-6BCFACA363CA}.Debug|x86.Build.0 = Debug|Win32
		{0F31B2FA-C966-4268-900E-6BCFACA363CA}.Release|x64.ActiveCfg = Release|x64
		{0F31B2FA-C966-4268-900E-6BCFACA363CA}.Release|x64.Build.0 = Release|x64
		{0F31B2FA-C966-4268-900E-6BCFACA363CA}.Release|x86.ActiveCfg = Release|Win32
		{0F31B2FA-C966-4268-900E-6BCFACA363CA}.Release|x86.Build.0 = Release|Win32
	EndGlobalSection
	GlobalSection(SolutionProperties) = preSolution
		HideSolutionNode = FALSE
	EndGlobalSection
	GlobalSection(ExtensibilityGlobals) = postSolution
		SolutionGuid = {0DD65951-4ED0-432B-8215-9C86A1BC7F83}
	EndGlobalSection
EndGlobal
